// !$*UTF8*$!
{
	archiveVersion = 1;
	classes = {
	};
	objectVersion = 46;
	objects = {

/* Begin PBXBuildFile section */
		1EE3A6800C23DDB8A0EB3335 /* libPods-afnetworking.a in Frameworks */ = {isa = PBXBuildFile; fileRef = 54DC61E300AB78DED10CAC8E /* libPods-afnetworking.a */; };
		866C590D1CEB176200319725 /* APIManager.m in Sources */ = {isa = PBXBuildFile; fileRef = 866C590C1CEB176200319725 /* APIManager.m */; };
		CEF4F48F1CEB144000D250E5 /* main.m in Sources */ = {isa = PBXBuildFile; fileRef = CEF4F48E1CEB144000D250E5 /* main.m */; };
		CEF4F4921CEB144000D250E5 /* AppDelegate.m in Sources */ = {isa = PBXBuildFile; fileRef = CEF4F4911CEB144000D250E5 /* AppDelegate.m */; };
		CEF4F4951CEB144000D250E5 /* ViewController.m in Sources */ = {isa = PBXBuildFile; fileRef = CEF4F4941CEB144000D250E5 /* ViewController.m */; };
		CEF4F4981CEB144000D250E5 /* Main.storyboard in Resources */ = {isa = PBXBuildFile; fileRef = CEF4F4961CEB144000D250E5 /* Main.storyboard */; };
		CEF4F49A1CEB144000D250E5 /* Assets.xcassets in Resources */ = {isa = PBXBuildFile; fileRef = CEF4F4991CEB144000D250E5 /* Assets.xcassets */; };
		CEF4F49D1CEB144000D250E5 /* LaunchScreen.storyboard in Resources */ = {isa = PBXBuildFile; fileRef = CEF4F49B1CEB144000D250E5 /* LaunchScreen.storyboard */; };
/* End PBXBuildFile section */

/* Begin PBXFileReference section */
		54DC61E300AB78DED10CAC8E /* libPods-afnetworking.a */ = {isa = PBXFileReference; explicitFileType = archive.ar; includeInIndex = 0; path = "libPods-afnetworking.a"; sourceTree = BUILT_PRODUCTS_DIR; };
		7F59097AFE35CCA96C666E45 /* Pods-afnetworking.debug.xcconfig */ = {isa = PBXFileReference; includeInIndex = 1; lastKnownFileType = text.xcconfig; name = "Pods-afnetworking.debug.xcconfig"; path = "Pods/Target Support Files/Pods-afnetworking/Pods-afnetworking.debug.xcconfig"; sourceTree = "<group>"; };
		866C590B1CEB176200319725 /* APIManager.h */ = {isa = PBXFileReference; fileEncoding = 4; lastKnownFileType = sourcecode.c.h; path = APIManager.h; sourceTree = "<group>"; };
		866C590C1CEB176200319725 /* APIManager.m */ = {isa = PBXFileReference; fileEncoding = 4; lastKnownFileType = sourcecode.c.objc; path = APIManager.m; sourceTree = "<group>"; };
		CEF4F48A1CEB144000D250E5 /* afnetworking.app */ = {isa = PBXFileReference; explicitFileType = wrapper.application; includeInIndex = 0; path = afnetworking.app; sourceTree = BUILT_PRODUCTS_DIR; };
		CEF4F48E1CEB144000D250E5 /* main.m */ = {isa = PBXFileReference; lastKnownFileType = sourcecode.c.objc; path = main.m; sourceTree = "<group>"; };
		CEF4F4901CEB144000D250E5 /* AppDelegate.h */ = {isa = PBXFileReference; lastKnownFileType = sourcecode.c.h; path = AppDelegate.h; sourceTree = "<group>"; };
		CEF4F4911CEB144000D250E5 /* AppDelegate.m */ = {isa = PBXFileReference; lastKnownFileType = sourcecode.c.objc; path = AppDelegate.m; sourceTree = "<group>"; };
		CEF4F4931CEB144000D250E5 /* ViewController.h */ = {isa = PBXFileReference; lastKnownFileType = sourcecode.c.h; path = ViewController.h; sourceTree = "<group>"; };
		CEF4F4941CEB144000D250E5 /* ViewController.m */ = {isa = PBXFileReference; lastKnownFileType = sourcecode.c.objc; path = ViewController.m; sourceTree = "<group>"; };
		CEF4F4971CEB144000D250E5 /* Base */ = {isa = PBXFileReference; lastKnownFileType = file.storyboard; name = Base; path = Base.lproj/Main.storyboard; sourceTree = "<group>"; };
		CEF4F4991CEB144000D250E5 /* Assets.xcassets */ = {isa = PBXFileReference; lastKnownFileType = folder.assetcatalog; path = Assets.xcassets; sourceTree = "<group>"; };
		CEF4F49C1CEB144000D250E5 /* Base */ = {isa = PBXFileReference; lastKnownFileType = file.storyboard; name = Base; path = Base.lproj/LaunchScreen.storyboard; sourceTree = "<group>"; };
		CEF4F49E1CEB144000D250E5 /* Info.plist */ = {isa = PBXFileReference; lastKnownFileType = text.plist.xml; path = Info.plist; sourceTree = "<group>"; };
		FF81263FFFAC62B76BF534E9 /* Pods-afnetworking.release.xcconfig */ = {isa = PBXFileReference; includeInIndex = 1; lastKnownFileType = text.xcconfig; name = "Pods-afnetworking.release.xcconfig"; path = "Pods/Target Support Files/Pods-afnetworking/Pods-afnetworking.release.xcconfig"; sourceTree = "<group>"; };
/* End PBXFileReference section */

/* Begin PBXFrameworksBuildPhase section */
		CEF4F4871CEB144000D250E5 /* Frameworks */ = {
			isa = PBXFrameworksBuildPhase;
			buildActionMask = 2147483647;
			files = (
				1EE3A6800C23DDB8A0EB3335 /* libPods-afnetworking.a in Frameworks */,
			);
			runOnlyForDeploymentPostprocessing = 0;
		};
/* End PBXFrameworksBuildPhase section */

/* Begin PBXGroup section */
		32B179317BEB4D88689755CB /* Frameworks */ = {
			isa = PBXGroup;
			children = (
				54DC61E300AB78DED10CAC8E /* libPods-afnetworking.a */,
			);
			name = Frameworks;
			sourceTree = "<group>";
		};
		866C590A1CEB175400319725 /* APIManager */ = {
			isa = PBXGroup;
			children = (
				866C590B1CEB176200319725 /* APIManager.h */,
				866C590C1CEB176200319725 /* APIManager.m */,
			);
			name = APIManager;
			sourceTree = "<group>";
		};
		CEF4F4811CEB144000D250E5 = {
			isa = PBXGroup;
			children = (
				CEF4F48C1CEB144000D250E5 /* afnetworking */,
				CEF4F48B1CEB144000D250E5 /* Products */,
				D0DA6F399E46A8235988CD2A /* Pods */,
				32B179317BEB4D88689755CB /* Frameworks */,
			);
			sourceTree = "<group>";
		};
		CEF4F48B1CEB144000D250E5 /* Products */ = {
			isa = PBXGroup;
			children = (
				CEF4F48A1CEB144000D250E5 /* afnetworking.app */,
			);
			name = Products;
			sourceTree = "<group>";
		};
		CEF4F48C1CEB144000D250E5 /* afnetworking */ = {
			isa = PBXGroup;
			children = (
				866C590A1CEB175400319725 /* APIManager */,
				CEF4F4901CEB144000D250E5 /* AppDelegate.h */,
				CEF4F4911CEB144000D250E5 /* AppDelegate.m */,
				CEF4F4931CEB144000D250E5 /* ViewController.h */,
				CEF4F4941CEB144000D250E5 /* ViewController.m */,
				CEF4F4961CEB144000D250E5 /* Main.storyboard */,
				CEF4F4991CEB144000D250E5 /* Assets.xcassets */,
				CEF4F49B1CEB144000D250E5 /* LaunchScreen.storyboard */,
				CEF4F49E1CEB144000D250E5 /* Info.plist */,
				CEF4F48D1CEB144000D250E5 /* Supporting Files */,
			);
			path = afnetworking;
			sourceTree = "<group>";
		};
		CEF4F48D1CEB144000D250E5 /* Supporting Files */ = {
			isa = PBXGroup;
			children = (
				CEF4F48E1CEB144000D250E5 /* main.m */,
			);
			name = "Supporting Files";
			sourceTree = "<group>";
		};
		D0DA6F399E46A8235988CD2A /* Pods */ = {
			isa = PBXGroup;
			children = (
				7F59097AFE35CCA96C666E45 /* Pods-afnetworking.debug.xcconfig */,
				FF81263FFFAC62B76BF534E9 /* Pods-afnetworking.release.xcconfig */,
			);
			name = Pods;
			sourceTree = "<group>";
		};
/* End PBXGroup section */

/* Begin PBXNativeTarget section */
		CEF4F4891CEB144000D250E5 /* afnetworking */ = {
			isa = PBXNativeTarget;
			buildConfigurationList = CEF4F4A11CEB144000D250E5 /* Build configuration list for PBXNativeTarget "afnetworking" */;
			buildPhases = (
				DEAE09FBB8D2CFAFA625547E /* Check Pods Manifest.lock */,
				CEF4F4861CEB144000D250E5 /* Sources */,
				CEF4F4871CEB144000D250E5 /* Frameworks */,
				CEF4F4881CEB144000D250E5 /* Resources */,
				649899FDAADB4FAB9E09BC56 /* Embed Pods Frameworks */,
				2E1971412A46E6E3E728E22D /* Copy Pods Resources */,
			);
			buildRules = (
			);
			dependencies = (
			);
			name = afnetworking;
			productName = afnetworking;
			productReference = CEF4F48A1CEB144000D250E5 /* afnetworking.app */;
			productType = "com.apple.product-type.application";
		};
/* End PBXNativeTarget section */

/* Begin PBXProject section */
		CEF4F4821CEB144000D250E5 /* Project object */ = {
			isa = PBXProject;
			attributes = {
				LastUpgradeCheck = 0730;
				ORGANIZATIONNAME = "Rafal Kampa";
				TargetAttributes = {
					CEF4F4891CEB144000D250E5 = {
						CreatedOnToolsVersion = 7.3.1;
					};
				};
			};
			buildConfigurationList = CEF4F4851CEB144000D250E5 /* Build configuration list for PBXProject "afnetworking" */;
			compatibilityVersion = "Xcode 3.2";
			developmentRegion = English;
			hasScannedForEncodings = 0;
			knownRegions = (
				en,
				Base,
			);
			mainGroup = CEF4F4811CEB144000D250E5;
			productRefGroup = CEF4F48B1CEB144000D250E5 /* Products */;
			projectDirPath = "";
			projectRoot = "";
			targets = (
				CEF4F4891CEB144000D250E5 /* afnetworking */,
			);
		};
/* End PBXProject section */

/* Begin PBXResourcesBuildPhase section */
		CEF4F4881CEB144000D250E5 /* Resources */ = {
			isa = PBXResourcesBuildPhase;
			buildActionMask = 2147483647;
			files = (
				CEF4F49D1CEB144000D250E5 /* LaunchScreen.storyboard in Resources */,
				CEF4F49A1CEB144000D250E5 /* Assets.xcassets in Resources */,
				CEF4F4981CEB144000D250E5 /* Main.storyboard in Resources */,
			);
			runOnlyForDeploymentPostprocessing = 0;
		};
/* End PBXResourcesBuildPhase section */

/* Begin PBXShellScriptBuildPhase section */
		2E1971412A46E6E3E728E22D /* Copy Pods Resources */ = {
			isa = PBXShellScriptBuildPhase;
			buildActionMask = 2147483647;
			files = (
			);
			inputPaths = (
			);
			name = "Copy Pods Resources";
			outputPaths = (
			);
			runOnlyForDeploymentPostprocessing = 0;
			shellPath = /bin/sh;
			shellScript = "\"${SRCROOT}/Pods/Target Support Files/Pods-afnetworking/Pods-afnetworking-resources.sh\"\n";
			showEnvVarsInLog = 0;
		};
		649899FDAADB4FAB9E09BC56 /* Embed Pods Frameworks */ = {
			isa = PBXShellScriptBuildPhase;
			buildActionMask = 2147483647;
			files = (
			);
			inputPaths = (
			);
			name = "Embed Pods Frameworks";
			outputPaths = (
			);
			runOnlyForDeploymentPostprocessing = 0;
			shellPath = /bin/sh;
			shellScript = "\"${SRCROOT}/Pods/Target Support Files/Pods-afnetworking/Pods-afnetworking-frameworks.sh\"\n";
			showEnvVarsInLog = 0;
		};
		DEAE09FBB8D2CFAFA625547E /* Check Pods Manifest.lock */ = {
			isa = PBXShellScriptBuildPhase;
			buildActionMask = 2147483647;
			files = (
			);
			inputPaths = (
			);
			name = "Check Pods Manifest.lock";
			outputPaths = (
			);
			runOnlyForDeploymentPostprocessing = 0;
			shellPath = /bin/sh;
			shellScript = "diff \"${PODS_ROOT}/../Podfile.lock\" \"${PODS_ROOT}/Manifest.lock\" > /dev/null\nif [[ $? != 0 ]] ; then\n    cat << EOM\nerror: The sandbox is not in sync with the Podfile.lock. Run 'pod install' or update your CocoaPods installation.\nEOM\n    exit 1\nfi\n";
			showEnvVarsInLog = 0;
		};
/* End PBXShellScriptBuildPhase section */

/* Begin PBXSourcesBuildPhase section */
		CEF4F4861CEB144000D250E5 /* Sources */ = {
			isa = PBXSourcesBuildPhase;
			buildActionMask = 2147483647;
			files = (
				866C590D1CEB176200319725 /* APIManager.m in Sources */,
				CEF4F4951CEB144000D250E5 /* ViewController.m in Sources */,
				CEF4F4921CEB144000D250E5 /* AppDelegate.m in Sources */,
				CEF4F48F1CEB144000D250E5 /* main.m in Sources */,
			);
			runOnlyForDeploymentPostprocessing = 0;
		};
/* End PBXSourcesBuildPhase section */

/* Begin PBXVariantGroup section */
		CEF4F4961CEB144000D250E5 /* Main.storyboard */ = {
			isa = PBXVariantGroup;
			children = (
				CEF4F4971CEB144000D250E5 /* Base */,
			);
			name = Main.storyboard;
			sourceTree = "<group>";
		};
		CEF4F49B1CEB144000D250E5 /* LaunchScreen.storyboard */ = {
			isa = PBXVariantGroup;
			children = (
				CEF4F49C1CEB144000D250E5 /* Base */,
			);
			name = LaunchScreen.storyboard;
			sourceTree = "<group>";
		};
/* End PBXVariantGroup section */

/* Begin XCBuildConfiguration section */
		CEF4F49F1CEB144000D250E5 /* Debug */ = {
			isa = XCBuildConfiguration;
			buildSettings = {
				ALWAYS_SEARCH_USER_PATHS = NO;
				CLANG_ANALYZER_NONNULL = YES;
				CLANG_CXX_LANGUAGE_STANDARD = "gnu++0x";
				CLANG_CXX_LIBRARY = "libc++";
				CLANG_ENABLE_MODULES = YES;
				CLANG_ENABLE_OBJC_ARC = YES;
				CLANG_WARN_BOOL_CONVERSION = YES;
				CLANG_WARN_CONSTANT_CONVERSION = YES;
				CLANG_WARN_DIRECT_OBJC_ISA_USAGE = YES_ERROR;
				CLANG_WARN_EMPTY_BODY = YES;
				CLANG_WARN_ENUM_CONVERSION = YES;
				CLANG_WARN_INT_CONVERSION = YES;
				CLANG_WARN_OBJC_ROOT_CLASS = YES_ERROR;
				CLANG_WARN_UNREACHABLE_CODE = YES;
				CLANG_WARN__DUPLICATE_METHOD_MATCH = YES;
				"CODE_SIGN_IDENTITY[sdk=iphoneos*]" = "iPhone Developer";
				COPY_PHASE_STRIP = NO;
				DEBUG_INFORMATION_FORMAT = dwarf;
				ENABLE_STRICT_OBJC_MSGSEND = YES;
				ENABLE_TESTABILITY = YES;
				GCC_C_LANGUAGE_STANDARD = gnu99;
				GCC_DYNAMIC_NO_PIC = NO;
				GCC_NO_COMMON_BLOCKS = YES;
				GCC_OPTIMIZATION_LEVEL = 0;
				GCC_PREPROCESSOR_DEFINITIONS = (
					"DEBUG=1",
					"$(inherited)",
				);
				GCC_WARN_64_TO_32_BIT_CONVERSION = YES;
				GCC_WARN_ABOUT_RETURN_TYPE = YES_ERROR;
				GCC_WARN_UNDECLARED_SELECTOR = YES;
				GCC_WARN_UNINITIALIZED_AUTOS = YES_AGGRESSIVE;
				GCC_WARN_UNUSED_FUNCTION = YES;
				GCC_WARN_UNUSED_VARIABLE = YES;
				IPHONEOS_DEPLOYMENT_TARGET = 9.3;
				MTL_ENABLE_DEBUG_INFO = YES;
				ONLY_ACTIVE_ARCH = YES;
				SDKROOT = iphoneos;
			};
			name = Debug;
		};
		CEF4F4A01CEB144000D250E5 /* Release */ = {
			isa = XCBuildConfiguration;
			buildSettings = {
				ALWAYS_SEARCH_USER_PATHS = NO;
				CLANG_ANALYZER_NONNULL = YES;
				CLANG_CXX_LANGUAGE_STANDARD = "gnu++0x";
				CLANG_CXX_LIBRARY = "libc++";
				CLANG_ENABLE_MODULES = YES;
				CLANG_ENABLE_OBJC_ARC = YES;
				CLANG_WARN_BOOL_CONVERSION = YES;
				CLANG_WARN_CONSTANT_CONVERSION = YES;
				CLANG_WARN_DIRECT_OBJC_ISA_USAGE = YES_ERROR;
				CLANG_WARN_EMPTY_BODY = YES;
				CLANG_WARN_ENUM_CONVERSION = YES;
				CLANG_WARN_INT_CONVERSION = YES;
				CLANG_WARN_OBJC_ROOT_CLASS = YES_ERROR;
				CLANG_WARN_UNREACHABLE_CODE = YES;
				CLANG_WARN__DUPLICATE_METHOD_MATCH = YES;
				"CODE_SIGN_IDENTITY[sdk=iphoneos*]" = "iPhone Developer";
				COPY_PHASE_STRIP = NO;
				DEBUG_INFORMATION_FORMAT = "dwarf-with-dsym";
				ENABLE_NS_ASSERTIONS = NO;
				ENABLE_STRICT_OBJC_MSGSEND = YES;
				GCC_C_LANGUAGE_STANDARD = gnu99;
				GCC_NO_COMMON_BLOCKS = YES;
				GCC_WARN_64_TO_32_BIT_CONVERSION = YES;
				GCC_WARN_ABOUT_RETURN_TYPE = YES_ERROR;
				GCC_WARN_UNDECLARED_SELECTOR = YES;
				GCC_WARN_UNINITIALIZED_AUTOS = YES_AGGRESSIVE;
				GCC_WARN_UNUSED_FUNCTION = YES;
				GCC_WARN_UNUSED_VARIABLE = YES;
				IPHONEOS_DEPLOYMENT_TARGET = 9.3;
				MTL_ENABLE_DEBUG_INFO = NO;
				SDKROOT = iphoneos;
				VALIDATE_PRODUCT = YES;
			};
			name = Release;
		};
		CEF4F4A21CEB144000D250E5 /* Debug */ = {
			isa = XCBuildConfiguration;
			baseConfigurationReference = 7F59097AFE35CCA96C666E45 /* Pods-afnetworking.debug.xcconfig */;
			buildSettings = {
				ASSETCATALOG_COMPILER_APPICON_NAME = AppIcon;
				INFOPLIST_FILE = afnetworking/Info.plist;
				IPHONEOS_DEPLOYMENT_TARGET = 9.2;
				LD_RUNPATH_SEARCH_PATHS = "$(inherited) @executable_path/Frameworks";
				PRODUCT_BUNDLE_IDENTIFIER = EUVIC.afnetworking;
				PRODUCT_NAME = "$(TARGET_NAME)";
			};
			name = Debug;
		};
		CEF4F4A31CEB144000D250E5 /* Release */ = {
			isa = XCBuildConfiguration;
			baseConfigurationReference = FF81263FFFAC62B76BF534E9 /* Pods-afnetworking.release.xcconfig */;
			buildSettings = {
				ASSETCATALOG_COMPILER_APPICON_NAME = AppIcon;
				INFOPLIST_FILE = afnetworking/Info.plist;
				IPHONEOS_DEPLOYMENT_TARGET = 9.2;
				LD_RUNPATH_SEARCH_PATHS = "$(inherited) @executable_path/Frameworks";
				PRODUCT_BUNDLE_IDENTIFIER = EUVIC.afnetworking;
				PRODUCT_NAME = "$(TARGET_NAME)";
			};
			name = Release;
		};
/* End XCBuildConfiguration section */

/* Begin XCConfigurationList section */
		CEF4F4851CEB144000D250E5 /* Build configuration list for PBXProject "afnetworking" */ = {
			isa = XCConfigurationList;
			buildConfigurations = (
				CEF4F49F1CEB144000D250E5 /* Debug */,
				CEF4F4A01CEB144000D250E5 /* Release */,
			);
			defaultConfigurationIsVisible = 0;
			defaultConfigurationName = Release;
		};
		CEF4F4A11CEB144000D250E5 /* Build configuration list for PBXNativeTarget "afnetworking" */ = {
			isa = XCConfigurationList;
			buildConfigurations = (
				CEF4F4A21CEB144000D250E5 /* Debug */,
				CEF4F4A31CEB144000D250E5 /* Release */,
			);
			defaultConfigurationIsVisible = 0;
			defaultConfigurationName = Release;
		};
/* End XCConfigurationList section */
	};
	rootObject = CEF4F4821CEB144000D250E5 /* Project object */;
}
